
Microsoft Visual Studio Solution File, Format Version 12.00
# Visual Studio Version 17
VisualStudioVersion = 17.4.33110.190
MinimumVisualStudioVersion = 10.0.40219.1
Project("{9A19103F-16F7-4668-BE54-9A1E7A4F7556}") = "TrucksRegister", "TrucksRegister\TrucksRegister.csproj", "{A7E1905C-C11F-4BDE-B49B-93E1CF9BB1D7}"
EndProject
Project("{2150E333-8FDC-42A3-9474-1A3956D46DE8}") = "Testes", "Testes", "{3E6EFFF5-C46A-440B-A07E-B3FC5CC2A3A6}"
EndProject
Project("{FAE04EC0-301F-11D3-BF4B-00C04F79EFBC}") = "Trucks_TestProject", "Trucks_TestProject\Trucks_TestProject.csproj", "{22009D02-7752-4AC7-A6B5-5BA1C1D3FF12}"
EndProject
Global
	GlobalSection(SolutionConfigurationPlatforms) = preSolution
		Debug|Any CPU = Debug|Any CPU
		Release|Any CPU = Release|Any CPU
	EndGlobalSection
	GlobalSection(ProjectConfigurationPlatforms) = postSolution
		{A7E1905C-C11F-4BDE-B49B-93E1CF9BB1D7}.Debug|Any CPU.ActiveCfg = Debug|Any CPU
		{A7E1905C-C11F-4BDE-B49B-93E1CF9BB1D7}.Debug|Any CPU.Build.0 = Debug|Any CPU
		{A7E1905C-C11F-4BDE-B49B-93E1CF9BB1D7}.Release|Any CPU.ActiveCfg = Release|Any CPU
		{A7E1905C-C11F-4BDE-B49B-93E1CF9BB1D7}.Release|Any CPU.Build.0 = Release|Any CPU
		{22009D02-7752-4AC7-A6B5-5BA1C1D3FF12}.Debug|Any CPU.ActiveCfg = Debug|Any CPU
		{22009D02-7752-4AC7-A6B5-5BA1C1D3FF12}.Debug|Any CPU.Build.0 = Debug|Any CPU
		{22009D02-7752-4AC7-A6B5-5BA1C1D3FF12}.Release|Any CPU.ActiveCfg = Release|Any CPU
		{22009D02-7752-4AC7-A6B5-5BA1C1D3FF12}.Release|Any CPU.Build.0 = Release|Any CPU
	EndGlobalSection
	GlobalSection(SolutionProperties) = preSolution
		HideSolutionNode = FALSE
	EndGlobalSection
	GlobalSection(NestedProjects) = preSolution
		{22009D02-7752-4AC7-A6B5-5BA1C1D3FF12} = {3E6EFFF5-C46A-440B-A07E-B3FC5CC2A3A6}
	EndGlobalSection
	GlobalSection(ExtensibilityGlobals) = postSolution
		SolutionGuid = {B4F13C53-3351-4688-81E1-9E37C529FD81}
	EndGlobalSection
EndGlobal
